
Microsoft Visual Studio Solution File, Format Version 12.00
# Visual Studio Version 17
VisualStudioVersion = 17.2.32630.192
MinimumVisualStudioVersion = 10.0.40219.1
Project("{FAE04EC0-301F-11D3-BF4B-00C04F79EFBC}") = "BulkyBookWeb", "BulkyBookWeb\BulkyBookWeb.csproj", "{0BA62E7C-0925-4832-97D9-8DEC55DCBA9C}"
EndProject
Global
	GlobalSection(SolutionConfigurationPlatforms) = preSolution
		Debug|Any CPU = Debug|Any CPU
		Release|Any CPU = Release|Any CPU
	EndGlobalSection
	GlobalSection(ProjectConfigurationPlatforms) = postSolution
		{0BA62E7C-0925-4832-97D9-8DEC55DCBA9C}.Debug|Any CPU.ActiveCfg = Debug|Any CPU
		{0BA62E7C-0925-4832-97D9-8DEC55DCBA9C}.Debug|Any CPU.Build.0 = Debug|Any CPU
		{0BA62E7C-0925-4832-97D9-8DEC55DCBA9C}.Release|Any CPU.ActiveCfg = Release|Any CPU
		{0BA62E7C-0925-4832-97D9-8DEC55DCBA9C}.Release|Any CPU.Build.0 = Release|Any CPU
	EndGlobalSection
	GlobalSection(SolutionProperties) = preSolution
		HideSolutionNode = FALSE
	EndGlobalSection
	GlobalSection(ExtensibilityGlobals) = postSolution
		SolutionGuid = {010FF0A4-9D4C-4C1A-AE5D-F7450B0736D9}
	EndGlobalSection
EndGlobal
